{
  "name": "nodejs",
  "version": "1.0.0",
  "lockfileVersion": 3,
  "requires": true,
  "packages": {
    "": {
      "name": "nodejs",
      "version": "1.0.0",
      "license": "ISC",
      "dependencies": {
        "@aws-crypto/sha256-js": "^5.2.0",
        "node-fetch": "^3.3.2"
      }
    },
    "node_modules/@aws-crypto/sha256-js": {
      "version": "5.2.0",
      "resolved": "https://registry.npmjs.org/@aws-crypto/sha256-js/-/sha256-js-5.2.0.tgz",
      "integrity": "sha512-FFQQyu7edu4ufvIZ+OadFpHHOt+eSTBaYaki44c+akjg7qZg9oOQeLlk77F6tSYqjDAFClrHJk9tMf0HdVyOvA==",
      "dependencies": {
        "@aws-crypto/util": "^5.2.0",
        "@aws-sdk/types": "^3.222.0",
        "tslib": "^2.6.2"
      },
      "engines": {
        "node": ">=16.0.0"
      }
    },
    "node_modules/@aws-crypto/util": {
      "version": "5.2.0",
      "resolved": "https://registry.npmjs.org/@aws-crypto/util/-/util-5.2.0.tgz",
      "integrity": "sha512-4RkU9EsI6ZpBve5fseQlGNUWKMa1RLPQ1dnjnQoe07ldfIzcsGb5hC5W0Dm7u423KWzawlrpbjXBrXCEv9zazQ==",
      "dependencies": {
        "@aws-sdk/types": "^3.222.0",
        "@smithy/util-utf8": "^2.0.0",
        "tslib": "^2.6.2"
      }
    },
    "node_modules/@aws-sdk/types": {
      "version": "3.523.0",
      "resolved": "https://registry.npmjs.org/@aws-sdk/types/-/types-3.523.0.tgz",
      "integrity": "sha512-AqGIu4u+SxPiUuNBp2acCVcq80KDUFjxe6e3cMTvKWTzCbrVk1AXv0dAaJnCmdkWIha6zJDWxpIk/aL4EGhZ9A==",
      "dependencies": {
        "@smithy/types": "^2.10.1",
        "tslib": "^2.5.0"
      },
      "engines": {
        "node": ">=14.0.0"
      }
    },
    "node_modules/@smithy/is-array-buffer": {
      "version": "2.1.1",
      "resolved": "https://registry.npmjs.org/@smithy/is-array-buffer/-/is-array-buffer-2.1.1.tgz",
      "integrity": "sha512-xozSQrcUinPpNPNPds4S7z/FakDTh1MZWtRP/2vQtYB/u3HYrX2UXuZs+VhaKBd6Vc7g2XPr2ZtwGBNDN6fNKQ==",
      "dependencies": {
        "tslib": "^2.5.0"
      },
      "engines": {
        "node": ">=14.0.0"
      }
    },
    "node_modules/@smithy/types": {
      "version": "2.10.1",
      "resolved": "https://registry.npmjs.org/@smithy/types/-/types-2.10.1.tgz",
      "integrity": "sha512-hjQO+4ru4cQ58FluQvKKiyMsFg0A6iRpGm2kqdH8fniyNd2WyanoOsYJfMX/IFLuLxEoW6gnRkNZy1y6fUUhtA==",
      "dependencies": {
        "tslib": "^2.5.0"
      },
      "engines": {
        "node": ">=14.0.0"
      }
    },
    "node_modules/@smithy/util-buffer-from": {
      "version": "2.1.1",
      "resolved": "https://registry.npmjs.org/@smithy/util-buffer-from/-/util-buffer-from-2.1.1.tgz",
      "integrity": "sha512-clhNjbyfqIv9Md2Mg6FffGVrJxw7bgK7s3Iax36xnfVj6cg0fUG7I4RH0XgXJF8bxi+saY5HR21g2UPKSxVCXg==",
      "dependencies": {
        "@smithy/is-array-buffer": "^2.1.1",
        "tslib": "^2.5.0"
      },
      "engines": {
        "node": ">=14.0.0"
      }
    },
    "node_modules/@smithy/util-utf8": {
      "version": "2.1.1",
      "resolved": "https://registry.npmjs.org/@smithy/util-utf8/-/util-utf8-2.1.1.tgz",
      "integrity": "sha512-BqTpzYEcUMDwAKr7/mVRUtHDhs6ZoXDi9NypMvMfOr/+u1NW7JgqodPDECiiLboEm6bobcPcECxzjtQh865e9A==",
      "dependencies": {
        "@smithy/util-buffer-from": "^2.1.1",
        "tslib": "^2.5.0"
      },
      "engines": {
        "node": ">=14.0.0"
      }
    },
    "node_modules/data-uri-to-buffer": {
      "version": "4.0.1",
      "resolved": "https://registry.npmjs.org/data-uri-to-buffer/-/data-uri-to-buffer-4.0.1.tgz",
      "integrity": "sha512-0R9ikRb668HB7QDxT1vkpuUBtqc53YyAwMwGeUFKRojY/NWKvdZ+9UYtRfGmhqNbRkTSVpMbmyhXipFFv2cb/A==",
      "engines": {
        "node": ">= 12"
      }
    },
    "node_modules/fetch-blob": {
      "version": "3.2.0",
      "resolved": "https://registry.npmjs.org/fetch-blob/-/fetch-blob-3.2.0.tgz",
      "integrity": "sha512-7yAQpD2UMJzLi1Dqv7qFYnPbaPx7ZfFK6PiIxQ4PfkGPyNyl2Ugx+a/umUonmKqjhM4DnfbMvdX6otXq83soQQ==",
      "funding": [
        {
          "type": "github",
          "url": "https://github.com/sponsors/jimmywarting"
        },
        {
          "type": "paypal",
          "url": "https://paypal.me/jimmywarting"
        }
      ],
      "dependencies": {
        "node-domexception": "^1.0.0",
        "web-streams-polyfill": "^3.0.3"
      },
      "engines": {
        "node": "^12.20 || >= 14.13"
      }
    },
    "node_modules/formdata-polyfill": {
      "version": "4.0.10",
      "resolved": "https://registry.npmjs.org/formdata-polyfill/-/formdata-polyfill-4.0.10.tgz",
      "integrity": "sha512-buewHzMvYL29jdeQTVILecSaZKnt/RJWjoZCF5OW60Z67/GmSLBkOFM7qh1PI3zFNtJbaZL5eQu1vLfazOwj4g==",
      "dependencies": {
        "fetch-blob": "^3.1.2"
      },
      "engines": {
        "node": ">=12.20.0"
      }
    },
    "node_modules/node-domexception": {
      "version": "1.0.0",
      "resolved": "https://registry.npmjs.org/node-domexception/-/node-domexception-1.0.0.tgz",
      "integrity": "sha512-/jKZoMpw0F8GRwl4/eLROPA3cfcXtLApP0QzLmUT/HuPCZWyB7IY9ZrMeKw2O/nFIqPQB3PVM9aYm0F312AXDQ==",
      "funding": [
        {
          "type": "github",
          "url": "https://github.com/sponsors/jimmywarting"
        },
        {
          "type": "github",
          "url": "https://paypal.me/jimmywarting"
        }
      ],
      "engines": {
        "node": ">=10.5.0"
      }
    },
    "node_modules/node-fetch": {
      "version": "3.3.2",
      "resolved": "https://registry.npmjs.org/node-fetch/-/node-fetch-3.3.2.tgz",
      "integrity": "sha512-dRB78srN/l6gqWulah9SrxeYnxeddIG30+GOqK/9OlLVyLg3HPnr6SqOWTWOXKRwC2eGYCkZ59NNuSgvSrpgOA==",
      "dependencies": {
        "data-uri-to-buffer": "^4.0.0",
        "fetch-blob": "^3.1.4",
        "formdata-polyfill": "^4.0.10"
      },
      "engines": {
        "node": "^12.20.0 || ^14.13.1 || >=16.0.0"
      },
      "funding": {
        "type": "opencollective",
        "url": "https://opencollective.com/node-fetch"
      }
    },
    "node_modules/tslib": {
      "version": "2.6.2",
      "resolved": "https://registry.npmjs.org/tslib/-/tslib-2.6.2.tgz",
      "integrity": "sha512-AEYxH93jGFPn/a2iVAwW87VuUIkR1FVUKB77NwMF7nBTDkDrrT/Hpt/IrCJ0QXhW27jTBDcf5ZY7w6RiqTMw2Q=="
    },
    "node_modules/web-streams-polyfill": {
      "version": "3.3.3",
      "resolved": "https://registry.npmjs.org/web-streams-polyfill/-/web-streams-polyfill-3.3.3.tgz",
      "integrity": "sha512-d2JWLCivmZYTSIoge9MsgFCZrt571BikcWGYkjC1khllbTeDlGqZ2D8vD8E/lJa8WGWbb7Plm8/XJYV7IJHZZw==",
      "engines": {
        "node": ">= 8"
      }
    }
  }
}
